Microsoft Visual Studio Solution File, Format Version 11.00
# Visual Studio 2008

Project("{12D670EE-9DAE-CA57-6052-17F41F946141}") = "MountainRacer", "Assembly-CSharp.csproj", "{DBBDC44B-7071-7A78-5D49-4DB53588E7C7}"
EndProject
Global
	GlobalSection(SolutionConfigurationPlatforms) = preSolution
		Debug|Any CPU = Debug|Any CPU
		Release|Any CPU = Release|Any CPU
	EndGlobalSection
	GlobalSection(ProjectConfigurationPlatforms) = postSolution
		{DBBDC44B-7071-7A78-5D49-4DB53588E7C7}.Debug|Any CPU.ActiveCfg = Debug|Any CPU
		{DBBDC44B-7071-7A78-5D49-4DB53588E7C7}.Debug|Any CPU.Build.0 = Debug|Any CPU
		{DBBDC44B-7071-7A78-5D49-4DB53588E7C7}.Release|Any CPU.ActiveCfg = Release|Any CPU
		{DBBDC44B-7071-7A78-5D49-4DB53588E7C7}.Release|Any CPU.Build.0 = Release|Any CPU
	EndGlobalSection
	GlobalSection(SolutionProperties) = preSolution
		HideSolutionNode = FALSE
	EndGlobalSection
	GlobalSection(MonoDevelopProperties) = preSolution
		StartupItem = Assembly-CSharp.csproj
	EndGlobalSection
EndGlobal
